
Microsoft Visual Studio Solution File, Format Version 12.00
# Visual Studio 14
VisualStudioVersion = 14.0.25420.1
MinimumVisualStudioVersion = 10.0.40219.1
Project("{FAE04EC0-301F-11D3-BF4B-00C04F79EFBC}") = "ISASIMVCWebsite", "ISASIMVCWebsite\ISASIMVCWebsite.csproj", "{B894588B-EF53-4C54-9A3B-58E00E57820D}"
EndProject
Project("{FAE04EC0-301F-11D3-BF4B-00C04F79EFBC}") = "ISASIMVCWebsite.Tests", "ISASIMVCWebsite.Tests\ISASIMVCWebsite.Tests.csproj", "{3D0FBDF7-CE5A-423C-A488-E50FAEA6BB54}"
EndProject
Global
	GlobalSection(SolutionConfigurationPlatforms) = preSolution
		Debug|Any CPU = Debug|Any CPU
		Release|Any CPU = Release|Any CPU
	EndGlobalSection
	GlobalSection(ProjectConfigurationPlatforms) = postSolution
		{B894588B-EF53-4C54-9A3B-58E00E57820D}.Debug|Any CPU.ActiveCfg = Debug|Any CPU
		{B894588B-EF53-4C54-9A3B-58E00E57820D}.Debug|Any CPU.Build.0 = Debug|Any CPU
		{B894588B-EF53-4C54-9A3B-58E00E57820D}.Release|Any CPU.ActiveCfg = Release|Any CPU
		{B894588B-EF53-4C54-9A3B-58E00E57820D}.Release|Any CPU.Build.0 = Release|Any CPU
		{3D0FBDF7-CE5A-423C-A488-E50FAEA6BB54}.Debug|Any CPU.ActiveCfg = Debug|Any CPU
		{3D0FBDF7-CE5A-423C-A488-E50FAEA6BB54}.Debug|Any CPU.Build.0 = Debug|Any CPU
		{3D0FBDF7-CE5A-423C-A488-E50FAEA6BB54}.Release|Any CPU.ActiveCfg = Release|Any CPU
		{3D0FBDF7-CE5A-423C-A488-E50FAEA6BB54}.Release|Any CPU.Build.0 = Release|Any CPU
	EndGlobalSection
	GlobalSection(SolutionProperties) = preSolution
		HideSolutionNode = FALSE
	EndGlobalSection
EndGlobal
